// !$*UTF8*$!
{
	archiveVersion = 1;
	classes = {
	};
	objectVersion = 50;
	objects = {

/* Begin PBXBuildFile section */
		3806EAD421AD9A4000C93662 /* ALSleepProtocols.swift in Sources */ = {isa = PBXBuildFile; fileRef = 3806EAD321AD9A4000C93662 /* ALSleepProtocols.swift */; };
		3806EAD721AD9A5400C93662 /* ALSleepViewController.swift in Sources */ = {isa = PBXBuildFile; fileRef = 3806EAD521AD9A5400C93662 /* ALSleepViewController.swift */; };
		3806EAD821AD9A5400C93662 /* ALSleepViewController.xib in Resources */ = {isa = PBXBuildFile; fileRef = 3806EAD621AD9A5400C93662 /* ALSleepViewController.xib */; };
		3806EADA21AD9A6400C93662 /* ALSleepPresenter.swift in Sources */ = {isa = PBXBuildFile; fileRef = 3806EAD921AD9A6400C93662 /* ALSleepPresenter.swift */; };
		3806EADC21AD9A6E00C93662 /* ALSleepWireframe.swift in Sources */ = {isa = PBXBuildFile; fileRef = 3806EADB21AD9A6E00C93662 /* ALSleepWireframe.swift */; };
		3806EADF21AD9C8500C93662 /* ALBaseViewController.swift in Sources */ = {isa = PBXBuildFile; fileRef = 3806EADE21AD9C8500C93662 /* ALBaseViewController.swift */; };
		380C6CA321AB78FD00BF853C /* ALGeneralSelectionProtocols.swift in Sources */ = {isa = PBXBuildFile; fileRef = 380C6CA221AB78FD00BF853C /* ALGeneralSelectionProtocols.swift */; };
		380C6CA521AB790C00BF853C /* ALGeneralSelectionPresenter.swift in Sources */ = {isa = PBXBuildFile; fileRef = 380C6CA421AB790C00BF853C /* ALGeneralSelectionPresenter.swift */; };
		380C6CA721AB791700BF853C /* ALGeneralSelectionInteractor.swift in Sources */ = {isa = PBXBuildFile; fileRef = 380C6CA621AB791700BF853C /* ALGeneralSelectionInteractor.swift */; };
		380C6CA921AB792000BF853C /* ALGeneralSelectionDataManager.swift in Sources */ = {isa = PBXBuildFile; fileRef = 380C6CA821AB792000BF853C /* ALGeneralSelectionDataManager.swift */; };
		380C6CAB21AB792B00BF853C /* ALGeneralSelectionWireframe.swift in Sources */ = {isa = PBXBuildFile; fileRef = 380C6CAA21AB792B00BF853C /* ALGeneralSelectionWireframe.swift */; };
		380C6CAE21AB794700BF853C /* ALGeneralSelectionViewController.swift in Sources */ = {isa = PBXBuildFile; fileRef = 380C6CAC21AB794700BF853C /* ALGeneralSelectionViewController.swift */; };
		380C6CAF21AB794700BF853C /* ALGeneralSelectionViewController.xib in Resources */ = {isa = PBXBuildFile; fileRef = 380C6CAD21AB794700BF853C /* ALGeneralSelectionViewController.xib */; };
		380C6CB221AB8FF900BF853C /* ALSectionElem.swift in Sources */ = {isa = PBXBuildFile; fileRef = 380C6CB121AB8FF900BF853C /* ALSectionElem.swift */; };
		380C6CB621AB975A00BF853C /* ALResourceCollectionViewCell.swift in Sources */ = {isa = PBXBuildFile; fileRef = 380C6CB421AB975A00BF853C /* ALResourceCollectionViewCell.swift */; };
		380C6CB721AB975A00BF853C /* ALResourceCollectionViewCell.xib in Resources */ = {isa = PBXBuildFile; fileRef = 380C6CB521AB975A00BF853C /* ALResourceCollectionViewCell.xib */; };
		381F2FEA21A82C6C00B573F8 /* ALMainCollectionViewCell.swift in Sources */ = {isa = PBXBuildFile; fileRef = 381F2FE821A82C6C00B573F8 /* ALMainCollectionViewCell.swift */; };
		381F2FEB21A82C6C00B573F8 /* ALMainCollectionViewCell.xib in Resources */ = {isa = PBXBuildFile; fileRef = 381F2FE921A82C6C00B573F8 /* ALMainCollectionViewCell.xib */; };
		3861379521A41AEC000BD657 /* AppDelegate.swift in Sources */ = {isa = PBXBuildFile; fileRef = 3861379421A41AEC000BD657 /* AppDelegate.swift */; };
		3861379C21A41AED000BD657 /* Assets.xcassets in Resources */ = {isa = PBXBuildFile; fileRef = 3861379B21A41AED000BD657 /* Assets.xcassets */; };
		3861379F21A41AED000BD657 /* LaunchScreen.storyboard in Resources */ = {isa = PBXBuildFile; fileRef = 3861379D21A41AED000BD657 /* LaunchScreen.storyboard */; };
		386137A921A463D5000BD657 /* ALMainViewController.swift in Sources */ = {isa = PBXBuildFile; fileRef = 386137A721A463D5000BD657 /* ALMainViewController.swift */; };
		386137AA21A463D5000BD657 /* ALMainViewController.xib in Resources */ = {isa = PBXBuildFile; fileRef = 386137A821A463D5000BD657 /* ALMainViewController.xib */; };
		386137B121A4644A000BD657 /* ALMainProtocols.swift in Sources */ = {isa = PBXBuildFile; fileRef = 386137B021A4644A000BD657 /* ALMainProtocols.swift */; };
		386137B321A46457000BD657 /* ALMainPresenter.swift in Sources */ = {isa = PBXBuildFile; fileRef = 386137B221A46457000BD657 /* ALMainPresenter.swift */; };
		386137B521A46461000BD657 /* ALMainWireframe.swift in Sources */ = {isa = PBXBuildFile; fileRef = 386137B421A46461000BD657 /* ALMainWireframe.swift */; };
		386137BA21A46BD3000BD657 /* ALFactory.swift in Sources */ = {isa = PBXBuildFile; fileRef = 386137B921A46BD3000BD657 /* ALFactory.swift */; };
		386137C121A472C4000BD657 /* ALBreatheProtocols.swift in Sources */ = {isa = PBXBuildFile; fileRef = 386137C021A472C4000BD657 /* ALBreatheProtocols.swift */; };
		386137C721A472EF000BD657 /* ALBreathePresenter.swift in Sources */ = {isa = PBXBuildFile; fileRef = 386137C621A472EF000BD657 /* ALBreathePresenter.swift */; };
		386137C921A472FD000BD657 /* ALBreatheWireframe.swift in Sources */ = {isa = PBXBuildFile; fileRef = 386137C821A472FD000BD657 /* ALBreatheWireframe.swift */; };
		386137CC21A473B0000BD657 /* ALBreatheViewController.swift in Sources */ = {isa = PBXBuildFile; fileRef = 386137CA21A473AF000BD657 /* ALBreatheViewController.swift */; };
		386137CD21A473B0000BD657 /* ALBreatheViewController.xib in Resources */ = {isa = PBXBuildFile; fileRef = 386137CB21A473AF000BD657 /* ALBreatheViewController.xib */; };
		386137D021A4782A000BD657 /* ALFontSheet.swift in Sources */ = {isa = PBXBuildFile; fileRef = 386137CF21A4782A000BD657 /* ALFontSheet.swift */; };
		386137D221A47832000BD657 /* ALStyleSheet.swift in Sources */ = {isa = PBXBuildFile; fileRef = 386137D121A47832000BD657 /* ALStyleSheet.swift */; };
/* End PBXBuildFile section */

/* Begin PBXFileReference section */
		3806EAD321AD9A4000C93662 /* ALSleepProtocols.swift */ = {isa = PBXFileReference; lastKnownFileType = sourcecode.swift; path = ALSleepProtocols.swift; sourceTree = "<group>"; };
		3806EAD521AD9A5400C93662 /* ALSleepViewController.swift */ = {isa = PBXFileReference; lastKnownFileType = sourcecode.swift; path = ALSleepViewController.swift; sourceTree = "<group>"; };
		3806EAD621AD9A5400C93662 /* ALSleepViewController.xib */ = {isa = PBXFileReference; lastKnownFileType = file.xib; path = ALSleepViewController.xib; sourceTree = "<group>"; };
		3806EAD921AD9A6400C93662 /* ALSleepPresenter.swift */ = {isa = PBXFileReference; lastKnownFileType = sourcecode.swift; path = ALSleepPresenter.swift; sourceTree = "<group>"; };
		3806EADB21AD9A6E00C93662 /* ALSleepWireframe.swift */ = {isa = PBXFileReference; lastKnownFileType = sourcecode.swift; path = ALSleepWireframe.swift; sourceTree = "<group>"; };
		3806EADE21AD9C8500C93662 /* ALBaseViewController.swift */ = {isa = PBXFileReference; lastKnownFileType = sourcecode.swift; path = ALBaseViewController.swift; sourceTree = "<group>"; };
		380C6CA221AB78FD00BF853C /* ALGeneralSelectionProtocols.swift */ = {isa = PBXFileReference; lastKnownFileType = sourcecode.swift; path = ALGeneralSelectionProtocols.swift; sourceTree = "<group>"; };
		380C6CA421AB790C00BF853C /* ALGeneralSelectionPresenter.swift */ = {isa = PBXFileReference; lastKnownFileType = sourcecode.swift; path = ALGeneralSelectionPresenter.swift; sourceTree = "<group>"; };
		380C6CA621AB791700BF853C /* ALGeneralSelectionInteractor.swift */ = {isa = PBXFileReference; lastKnownFileType = sourcecode.swift; path = ALGeneralSelectionInteractor.swift; sourceTree = "<group>"; };
		380C6CA821AB792000BF853C /* ALGeneralSelectionDataManager.swift */ = {isa = PBXFileReference; lastKnownFileType = sourcecode.swift; path = ALGeneralSelectionDataManager.swift; sourceTree = "<group>"; };
		380C6CAA21AB792B00BF853C /* ALGeneralSelectionWireframe.swift */ = {isa = PBXFileReference; lastKnownFileType = sourcecode.swift; path = ALGeneralSelectionWireframe.swift; sourceTree = "<group>"; };
		380C6CAC21AB794700BF853C /* ALGeneralSelectionViewController.swift */ = {isa = PBXFileReference; lastKnownFileType = sourcecode.swift; path = ALGeneralSelectionViewController.swift; sourceTree = "<group>"; };
		380C6CAD21AB794700BF853C /* ALGeneralSelectionViewController.xib */ = {isa = PBXFileReference; lastKnownFileType = file.xib; path = ALGeneralSelectionViewController.xib; sourceTree = "<group>"; };
		380C6CB121AB8FF900BF853C /* ALSectionElem.swift */ = {isa = PBXFileReference; lastKnownFileType = sourcecode.swift; path = ALSectionElem.swift; sourceTree = "<group>"; };
		380C6CB421AB975A00BF853C /* ALResourceCollectionViewCell.swift */ = {isa = PBXFileReference; lastKnownFileType = sourcecode.swift; path = ALResourceCollectionViewCell.swift; sourceTree = "<group>"; };
		380C6CB521AB975A00BF853C /* ALResourceCollectionViewCell.xib */ = {isa = PBXFileReference; lastKnownFileType = file.xib; path = ALResourceCollectionViewCell.xib; sourceTree = "<group>"; };
		381F2FE821A82C6C00B573F8 /* ALMainCollectionViewCell.swift */ = {isa = PBXFileReference; lastKnownFileType = sourcecode.swift; path = ALMainCollectionViewCell.swift; sourceTree = "<group>"; };
		381F2FE921A82C6C00B573F8 /* ALMainCollectionViewCell.xib */ = {isa = PBXFileReference; lastKnownFileType = file.xib; path = ALMainCollectionViewCell.xib; sourceTree = "<group>"; };
		3861379121A41AEC000BD657 /* Quiet.app */ = {isa = PBXFileReference; explicitFileType = wrapper.application; includeInIndex = 0; path = Quiet.app; sourceTree = BUILT_PRODUCTS_DIR; };
		3861379421A41AEC000BD657 /* AppDelegate.swift */ = {isa = PBXFileReference; lastKnownFileType = sourcecode.swift; path = AppDelegate.swift; sourceTree = "<group>"; };
		3861379B21A41AED000BD657 /* Assets.xcassets */ = {isa = PBXFileReference; lastKnownFileType = folder.assetcatalog; path = Assets.xcassets; sourceTree = "<group>"; };
		3861379E21A41AED000BD657 /* Base */ = {isa = PBXFileReference; lastKnownFileType = file.storyboard; name = Base; path = Base.lproj/LaunchScreen.storyboard; sourceTree = "<group>"; };
		386137A021A41AED000BD657 /* Info.plist */ = {isa = PBXFileReference; lastKnownFileType = text.plist.xml; path = Info.plist; sourceTree = "<group>"; };
		386137A721A463D5000BD657 /* ALMainViewController.swift */ = {isa = PBXFileReference; lastKnownFileType = sourcecode.swift; path = ALMainViewController.swift; sourceTree = "<group>"; };
		386137A821A463D5000BD657 /* ALMainViewController.xib */ = {isa = PBXFileReference; lastKnownFileType = file.xib; path = ALMainViewController.xib; sourceTree = "<group>"; };
		386137B021A4644A000BD657 /* ALMainProtocols.swift */ = {isa = PBXFileReference; lastKnownFileType = sourcecode.swift; path = ALMainProtocols.swift; sourceTree = "<group>"; };
		386137B221A46457000BD657 /* ALMainPresenter.swift */ = {isa = PBXFileReference; lastKnownFileType = sourcecode.swift; path = ALMainPresenter.swift; sourceTree = "<group>"; };
		386137B421A46461000BD657 /* ALMainWireframe.swift */ = {isa = PBXFileReference; lastKnownFileType = sourcecode.swift; path = ALMainWireframe.swift; sourceTree = "<group>"; };
		386137B921A46BD3000BD657 /* ALFactory.swift */ = {isa = PBXFileReference; lastKnownFileType = sourcecode.swift; path = ALFactory.swift; sourceTree = "<group>"; };
		386137C021A472C4000BD657 /* ALBreatheProtocols.swift */ = {isa = PBXFileReference; lastKnownFileType = sourcecode.swift; path = ALBreatheProtocols.swift; sourceTree = "<group>"; };
		386137C621A472EF000BD657 /* ALBreathePresenter.swift */ = {isa = PBXFileReference; lastKnownFileType = sourcecode.swift; path = ALBreathePresenter.swift; sourceTree = "<group>"; };
		386137C821A472FD000BD657 /* ALBreatheWireframe.swift */ = {isa = PBXFileReference; lastKnownFileType = sourcecode.swift; path = ALBreatheWireframe.swift; sourceTree = "<group>"; };
		386137CA21A473AF000BD657 /* ALBreatheViewController.swift */ = {isa = PBXFileReference; fileEncoding = 4; lastKnownFileType = sourcecode.swift; path = ALBreatheViewController.swift; sourceTree = "<group>"; };
		386137CB21A473AF000BD657 /* ALBreatheViewController.xib */ = {isa = PBXFileReference; fileEncoding = 4; lastKnownFileType = file.xib; path = ALBreatheViewController.xib; sourceTree = "<group>"; };
		386137CF21A4782A000BD657 /* ALFontSheet.swift */ = {isa = PBXFileReference; fileEncoding = 4; lastKnownFileType = sourcecode.swift; path = ALFontSheet.swift; sourceTree = "<group>"; };
		386137D121A47832000BD657 /* ALStyleSheet.swift */ = {isa = PBXFileReference; fileEncoding = 4; lastKnownFileType = sourcecode.swift; path = ALStyleSheet.swift; sourceTree = "<group>"; };
/* End PBXFileReference section */

/* Begin PBXFrameworksBuildPhase section */
		3861378E21A41AEC000BD657 /* Frameworks */ = {
			isa = PBXFrameworksBuildPhase;
			buildActionMask = 2147483647;
			files = (
			);
			runOnlyForDeploymentPostprocessing = 0;
		};
/* End PBXFrameworksBuildPhase section */

/* Begin PBXGroup section */
		3806EACE21AD99BD00C93662 /* Sleep */ = {
			isa = PBXGroup;
			children = (
				3806EAD221AD9A2D00C93662 /* Protocols */,
				3806EAD121AD9A2900C93662 /* View */,
				3806EAD021AD9A2300C93662 /* Presenter */,
				3806EACF21AD9A1C00C93662 /* Wireframe */,
			);
			path = Sleep;
			sourceTree = "<group>";
		};
		3806EACF21AD9A1C00C93662 /* Wireframe */ = {
			isa = PBXGroup;
			children = (
				3806EADB21AD9A6E00C93662 /* ALSleepWireframe.swift */,
			);
			path = Wireframe;
			sourceTree = "<group>";
		};
		3806EAD021AD9A2300C93662 /* Presenter */ = {
			isa = PBXGroup;
			children = (
				3806EAD921AD9A6400C93662 /* ALSleepPresenter.swift */,
			);
			path = Presenter;
			sourceTree = "<group>";
		};
		3806EAD121AD9A2900C93662 /* View */ = {
			isa = PBXGroup;
			children = (
				3806EAD521AD9A5400C93662 /* ALSleepViewController.swift */,
				3806EAD621AD9A5400C93662 /* ALSleepViewController.xib */,
			);
			path = View;
			sourceTree = "<group>";
		};
		3806EAD221AD9A2D00C93662 /* Protocols */ = {
			isa = PBXGroup;
			children = (
				3806EAD321AD9A4000C93662 /* ALSleepProtocols.swift */,
			);
			path = Protocols;
			sourceTree = "<group>";
		};
		3806EADD21AD9C4800C93662 /* Base */ = {
			isa = PBXGroup;
			children = (
				3806EADE21AD9C8500C93662 /* ALBaseViewController.swift */,
			);
			path = Base;
			sourceTree = "<group>";
		};
		380C6C9B21AB784600BF853C /* GeneralSelection */ = {
			isa = PBXGroup;
			children = (
				380C6CA121AB78B700BF853C /* Protocols */,
				380C6CA021AB78B200BF853C /* View */,
				380C6C9F21AB78AD00BF853C /* Presenter */,
				380C6C9E21AB78A700BF853C /* Interactor */,
				380C6C9D21AB78A100BF853C /* DataManager */,
				380C6C9C21AB789B00BF853C /* Wireframe */,
			);
			path = GeneralSelection;
			sourceTree = "<group>";
		};
		380C6C9C21AB789B00BF853C /* Wireframe */ = {
			isa = PBXGroup;
			children = (
				380C6CAA21AB792B00BF853C /* ALGeneralSelectionWireframe.swift */,
			);
			path = Wireframe;
			sourceTree = "<group>";
		};
		380C6C9D21AB78A100BF853C /* DataManager */ = {
			isa = PBXGroup;
			children = (
				380C6CA821AB792000BF853C /* ALGeneralSelectionDataManager.swift */,
			);
			path = DataManager;
			sourceTree = "<group>";
		};
		380C6C9E21AB78A700BF853C /* Interactor */ = {
			isa = PBXGroup;
			children = (
				380C6CA621AB791700BF853C /* ALGeneralSelectionInteractor.swift */,
			);
			path = Interactor;
			sourceTree = "<group>";
		};
		380C6C9F21AB78AD00BF853C /* Presenter */ = {
			isa = PBXGroup;
			children = (
				380C6CA421AB790C00BF853C /* ALGeneralSelectionPresenter.swift */,
			);
			path = Presenter;
			sourceTree = "<group>";
		};
		380C6CA021AB78B200BF853C /* View */ = {
			isa = PBXGroup;
			children = (
				380C6CB321AB972C00BF853C /* Cells */,
				380C6CAC21AB794700BF853C /* ALGeneralSelectionViewController.swift */,
				380C6CAD21AB794700BF853C /* ALGeneralSelectionViewController.xib */,
			);
			path = View;
			sourceTree = "<group>";
		};
		380C6CA121AB78B700BF853C /* Protocols */ = {
			isa = PBXGroup;
			children = (
				380C6CA221AB78FD00BF853C /* ALGeneralSelectionProtocols.swift */,
			);
			path = Protocols;
			sourceTree = "<group>";
		};
		380C6CB021AB8F8000BF853C /* Models */ = {
			isa = PBXGroup;
			children = (
				380C6CB121AB8FF900BF853C /* ALSectionElem.swift */,
			);
			path = Models;
			sourceTree = "<group>";
		};
		380C6CB321AB972C00BF853C /* Cells */ = {
			isa = PBXGroup;
			children = (
				380C6CB421AB975A00BF853C /* ALResourceCollectionViewCell.swift */,
				380C6CB521AB975A00BF853C /* ALResourceCollectionViewCell.xib */,
			);
			path = Cells;
			sourceTree = "<group>";
		};
		381F2FE721A82C3B00B573F8 /* Cells */ = {
			isa = PBXGroup;
			children = (
				381F2FE821A82C6C00B573F8 /* ALMainCollectionViewCell.swift */,
				381F2FE921A82C6C00B573F8 /* ALMainCollectionViewCell.xib */,
			);
			path = Cells;
			sourceTree = "<group>";
		};
		3861378821A41AEC000BD657 = {
			isa = PBXGroup;
			children = (
				3861379321A41AEC000BD657 /* Quiet */,
				3861379221A41AEC000BD657 /* Products */,
			);
			sourceTree = "<group>";
		};
		3861379221A41AEC000BD657 /* Products */ = {
			isa = PBXGroup;
			children = (
				3861379121A41AEC000BD657 /* Quiet.app */,
			);
			name = Products;
			sourceTree = "<group>";
		};
		3861379321A41AEC000BD657 /* Quiet */ = {
			isa = PBXGroup;
			children = (
				386137CE21A4780C000BD657 /* Style */,
				386137B821A46BC4000BD657 /* Factory */,
				380C6CB021AB8F8000BF853C /* Models */,
				386137A621A463BB000BD657 /* Modules */,
				3861379421A41AEC000BD657 /* AppDelegate.swift */,
				3861379B21A41AED000BD657 /* Assets.xcassets */,
				3861379D21A41AED000BD657 /* LaunchScreen.storyboard */,
				386137A021A41AED000BD657 /* Info.plist */,
			);
			path = Quiet;
			sourceTree = "<group>";
		};
		386137A621A463BB000BD657 /* Modules */ = {
			isa = PBXGroup;
			children = (
				3806EADD21AD9C4800C93662 /* Base */,
				3806EACE21AD99BD00C93662 /* Sleep */,
				380C6C9B21AB784600BF853C /* GeneralSelection */,
				386137AB21A463E0000BD657 /* Main */,
				386137BB21A47266000BD657 /* Breathe */,
			);
			path = Modules;
			sourceTree = "<group>";
		};
		386137AB21A463E0000BD657 /* Main */ = {
			isa = PBXGroup;
			children = (
				386137AF21A46431000BD657 /* Protocols */,
				386137AE21A4642A000BD657 /* View */,
				386137AD21A463EE000BD657 /* Presenter */,
				386137AC21A463E6000BD657 /* Wireframe */,
			);
			path = Main;
			sourceTree = "<group>";
		};
		386137AC21A463E6000BD657 /* Wireframe */ = {
			isa = PBXGroup;
			children = (
				386137B421A46461000BD657 /* ALMainWireframe.swift */,
			);
			path = Wireframe;
			sourceTree = "<group>";
		};
		386137AD21A463EE000BD657 /* Presenter */ = {
			isa = PBXGroup;
			children = (
				386137B221A46457000BD657 /* ALMainPresenter.swift */,
			);
			path = Presenter;
			sourceTree = "<group>";
		};
		386137AE21A4642A000BD657 /* View */ = {
			isa = PBXGroup;
			children = (
				381F2FE721A82C3B00B573F8 /* Cells */,
				386137A721A463D5000BD657 /* ALMainViewController.swift */,
				386137A821A463D5000BD657 /* ALMainViewController.xib */,
			);
			path = View;
			sourceTree = "<group>";
		};
		386137AF21A46431000BD657 /* Protocols */ = {
			isa = PBXGroup;
			children = (
				386137B021A4644A000BD657 /* ALMainProtocols.swift */,
			);
			path = Protocols;
			sourceTree = "<group>";
		};
		386137B821A46BC4000BD657 /* Factory */ = {
			isa = PBXGroup;
			children = (
				386137B921A46BD3000BD657 /* ALFactory.swift */,
			);
			path = Factory;
			sourceTree = "<group>";
		};
		386137BB21A47266000BD657 /* Breathe */ = {
			isa = PBXGroup;
			children = (
				386137BF21A4729A000BD657 /* Protocols */,
				386137BE21A47296000BD657 /* View */,
				386137BD21A4728D000BD657 /* Presenter */,
				386137BC21A47281000BD657 /* Wireframe */,
			);
			path = Breathe;
			sourceTree = "<group>";
		};
		386137BC21A47281000BD657 /* Wireframe */ = {
			isa = PBXGroup;
			children = (
				386137C821A472FD000BD657 /* ALBreatheWireframe.swift */,
			);
			path = Wireframe;
			sourceTree = "<group>";
		};
		386137BD21A4728D000BD657 /* Presenter */ = {
			isa = PBXGroup;
			children = (
				386137C621A472EF000BD657 /* ALBreathePresenter.swift */,
			);
			path = Presenter;
			sourceTree = "<group>";
		};
		386137BE21A47296000BD657 /* View */ = {
			isa = PBXGroup;
			children = (
				386137CA21A473AF000BD657 /* ALBreatheViewController.swift */,
				386137CB21A473AF000BD657 /* ALBreatheViewController.xib */,
			);
			path = View;
			sourceTree = "<group>";
		};
		386137BF21A4729A000BD657 /* Protocols */ = {
			isa = PBXGroup;
			children = (
				386137C021A472C4000BD657 /* ALBreatheProtocols.swift */,
			);
			path = Protocols;
			sourceTree = "<group>";
		};
		386137CE21A4780C000BD657 /* Style */ = {
			isa = PBXGroup;
			children = (
				386137CF21A4782A000BD657 /* ALFontSheet.swift */,
				386137D121A47832000BD657 /* ALStyleSheet.swift */,
			);
			path = Style;
			sourceTree = "<group>";
		};
/* End PBXGroup section */

/* Begin PBXNativeTarget section */
		3861379021A41AEC000BD657 /* Quiet */ = {
			isa = PBXNativeTarget;
			buildConfigurationList = 386137A321A41AED000BD657 /* Build configuration list for PBXNativeTarget "Quiet" */;
			buildPhases = (
				3861378D21A41AEC000BD657 /* Sources */,
				3861378E21A41AEC000BD657 /* Frameworks */,
				3861378F21A41AEC000BD657 /* Resources */,
			);
			buildRules = (
			);
			dependencies = (
			);
			name = Quiet;
			productName = Quiet;
			productReference = 3861379121A41AEC000BD657 /* Quiet.app */;
			productType = "com.apple.product-type.application";
		};
/* End PBXNativeTarget section */

/* Begin PBXProject section */
		3861378921A41AEC000BD657 /* Project object */ = {
			isa = PBXProject;
			attributes = {
				LastSwiftUpdateCheck = 1000;
				LastUpgradeCheck = 1000;
				ORGANIZATIONNAME = surflabapps;
				TargetAttributes = {
					3861379021A41AEC000BD657 = {
						CreatedOnToolsVersion = 10.0;
					};
				};
			};
			buildConfigurationList = 3861378C21A41AEC000BD657 /* Build configuration list for PBXProject "Quiet" */;
			compatibilityVersion = "Xcode 9.3";
			developmentRegion = en;
			hasScannedForEncodings = 0;
			knownRegions = (
				en,
				Base,
			);
			mainGroup = 3861378821A41AEC000BD657;
			productRefGroup = 3861379221A41AEC000BD657 /* Products */;
			projectDirPath = "";
			projectRoot = "";
			targets = (
				3861379021A41AEC000BD657 /* Quiet */,
			);
		};
/* End PBXProject section */

/* Begin PBXResourcesBuildPhase section */
		3861378F21A41AEC000BD657 /* Resources */ = {
			isa = PBXResourcesBuildPhase;
			buildActionMask = 2147483647;
			files = (
				386137AA21A463D5000BD657 /* ALMainViewController.xib in Resources */,
				381F2FEB21A82C6C00B573F8 /* ALMainCollectionViewCell.xib in Resources */,
				386137CD21A473B0000BD657 /* ALBreatheViewController.xib in Resources */,
				380C6CB721AB975A00BF853C /* ALResourceCollectionViewCell.xib in Resources */,
				3861379F21A41AED000BD657 /* LaunchScreen.storyboard in Resources */,
				3861379C21A41AED000BD657 /* Assets.xcassets in Resources */,
				380C6CAF21AB794700BF853C /* ALGeneralSelectionViewController.xib in Resources */,
				3806EAD821AD9A5400C93662 /* ALSleepViewController.xib in Resources */,
			);
			runOnlyForDeploymentPostprocessing = 0;
		};
/* End PBXResourcesBuildPhase section */

/* Begin PBXSourcesBuildPhase section */
		3861378D21A41AEC000BD657 /* Sources */ = {
			isa = PBXSourcesBuildPhase;
			buildActionMask = 2147483647;
			files = (
				3806EAD421AD9A4000C93662 /* ALSleepProtocols.swift in Sources */,
				386137D221A47832000BD657 /* ALStyleSheet.swift in Sources */,
				380C6CA521AB790C00BF853C /* ALGeneralSelectionPresenter.swift in Sources */,
				386137B521A46461000BD657 /* ALMainWireframe.swift in Sources */,
				3806EADC21AD9A6E00C93662 /* ALSleepWireframe.swift in Sources */,
				380C6CA921AB792000BF853C /* ALGeneralSelectionDataManager.swift in Sources */,
				3806EADF21AD9C8500C93662 /* ALBaseViewController.swift in Sources */,
				3806EAD721AD9A5400C93662 /* ALSleepViewController.swift in Sources */,
				386137A921A463D5000BD657 /* ALMainViewController.swift in Sources */,
				3806EADA21AD9A6400C93662 /* ALSleepPresenter.swift in Sources */,
				3861379521A41AEC000BD657 /* AppDelegate.swift in Sources */,
				380C6CA321AB78FD00BF853C /* ALGeneralSelectionProtocols.swift in Sources */,
				380C6CAE21AB794700BF853C /* ALGeneralSelectionViewController.swift in Sources */,
				386137C721A472EF000BD657 /* ALBreathePresenter.swift in Sources */,
				386137B321A46457000BD657 /* ALMainPresenter.swift in Sources */,
				380C6CB621AB975A00BF853C /* ALResourceCollectionViewCell.swift in Sources */,
				380C6CAB21AB792B00BF853C /* ALGeneralSelectionWireframe.swift in Sources */,
				386137B121A4644A000BD657 /* ALMainProtocols.swift in Sources */,
				386137D021A4782A000BD657 /* ALFontSheet.swift in Sources */,
				386137BA21A46BD3000BD657 /* ALFactory.swift in Sources */,
				386137CC21A473B0000BD657 /* ALBreatheViewController.swift in Sources */,
				380C6CB221AB8FF900BF853C /* ALSectionElem.swift in Sources */,
				381F2FEA21A82C6C00B573F8 /* ALMainCollectionViewCell.swift in Sources */,
				380C6CA721AB791700BF853C /* ALGeneralSelectionInteractor.swift in Sources */,
				386137C121A472C4000BD657 /* ALBreatheProtocols.swift in Sources */,
				386137C921A472FD000BD657 /* ALBreatheWireframe.swift in Sources */,
			);
			runOnlyForDeploymentPostprocessing = 0;
		};
/* End PBXSourcesBuildPhase section */

/* Begin PBXVariantGroup section */
		3861379D21A41AED000BD657 /* LaunchScreen.storyboard */ = {
			isa = PBXVariantGroup;
			children = (
				3861379E21A41AED000BD657 /* Base */,
			);
			name = LaunchScreen.storyboard;
			sourceTree = "<group>";
		};
/* End PBXVariantGroup section */

/* Begin XCBuildConfiguration section */
		386137A121A41AED000BD657 /* Debug */ = {
			isa = XCBuildConfiguration;
			buildSettings = {
				ALWAYS_SEARCH_USER_PATHS = NO;
				CLANG_ANALYZER_NONNULL = YES;
				CLANG_ANALYZER_NUMBER_OBJECT_CONVERSION = YES_AGGRESSIVE;
				CLANG_CXX_LANGUAGE_STANDARD = "gnu++14";
				CLANG_CXX_LIBRARY = "libc++";
				CLANG_ENABLE_MODULES = YES;
				CLANG_ENABLE_OBJC_ARC = YES;
				CLANG_ENABLE_OBJC_WEAK = YES;
				CLANG_WARN_BLOCK_CAPTURE_AUTORELEASING = YES;
				CLANG_WARN_BOOL_CONVERSION = YES;
				CLANG_WARN_COMMA = YES;
				CLANG_WARN_CONSTANT_CONVERSION = YES;
				CLANG_WARN_DEPRECATED_OBJC_IMPLEMENTATIONS = YES;
				CLANG_WARN_DIRECT_OBJC_ISA_USAGE = YES_ERROR;
				CLANG_WARN_DOCUMENTATION_COMMENTS = YES;
				CLANG_WARN_EMPTY_BODY = YES;
				CLANG_WARN_ENUM_CONVERSION = YES;
				CLANG_WARN_INFINITE_RECURSION = YES;
				CLANG_WARN_INT_CONVERSION = YES;
				CLANG_WARN_NON_LITERAL_NULL_CONVERSION = YES;
				CLANG_WARN_OBJC_IMPLICIT_RETAIN_SELF = YES;
				CLANG_WARN_OBJC_LITERAL_CONVERSION = YES;
				CLANG_WARN_OBJC_ROOT_CLASS = YES_ERROR;
				CLANG_WARN_RANGE_LOOP_ANALYSIS = YES;
				CLANG_WARN_STRICT_PROTOTYPES = YES;
				CLANG_WARN_SUSPICIOUS_MOVE = YES;
				CLANG_WARN_UNGUARDED_AVAILABILITY = YES_AGGRESSIVE;
				CLANG_WARN_UNREACHABLE_CODE = YES;
				CLANG_WARN__DUPLICATE_METHOD_MATCH = YES;
				CODE_SIGN_IDENTITY = "iPhone Developer";
				COPY_PHASE_STRIP = NO;
				DEBUG_INFORMATION_FORMAT = dwarf;
				ENABLE_STRICT_OBJC_MSGSEND = YES;
				ENABLE_TESTABILITY = YES;
				GCC_C_LANGUAGE_STANDARD = gnu11;
				GCC_DYNAMIC_NO_PIC = NO;
				GCC_NO_COMMON_BLOCKS = YES;
				GCC_OPTIMIZATION_LEVEL = 0;
				GCC_PREPROCESSOR_DEFINITIONS = (
					"DEBUG=1",
					"$(inherited)",
				);
				GCC_WARN_64_TO_32_BIT_CONVERSION = YES;
				GCC_WARN_ABOUT_RETURN_TYPE = YES_ERROR;
				GCC_WARN_UNDECLARED_SELECTOR = YES;
				GCC_WARN_UNINITIALIZED_AUTOS = YES_AGGRESSIVE;
				GCC_WARN_UNUSED_FUNCTION = YES;
				GCC_WARN_UNUSED_VARIABLE = YES;
				IPHONEOS_DEPLOYMENT_TARGET = 12.0;
				MTL_ENABLE_DEBUG_INFO = INCLUDE_SOURCE;
				MTL_FAST_MATH = YES;
				ONLY_ACTIVE_ARCH = YES;
				SDKROOT = iphoneos;
				SWIFT_ACTIVE_COMPILATION_CONDITIONS = DEBUG;
				SWIFT_OPTIMIZATION_LEVEL = "-Onone";
			};
			name = Debug;
		};
		386137A221A41AED000BD657 /* Release */ = {
			isa = XCBuildConfiguration;
			buildSettings = {
				ALWAYS_SEARCH_USER_PATHS = NO;
				CLANG_ANALYZER_NONNULL = YES;
				CLANG_ANALYZER_NUMBER_OBJECT_CONVERSION = YES_AGGRESSIVE;
				CLANG_CXX_LANGUAGE_STANDARD = "gnu++14";
				CLANG_CXX_LIBRARY = "libc++";
				CLANG_ENABLE_MODULES = YES;
				CLANG_ENABLE_OBJC_ARC = YES;
				CLANG_ENABLE_OBJC_WEAK = YES;
				CLANG_WARN_BLOCK_CAPTURE_AUTORELEASING = YES;
				CLANG_WARN_BOOL_CONVERSION = YES;
				CLANG_WARN_COMMA = YES;
				CLANG_WARN_CONSTANT_CONVERSION = YES;
				CLANG_WARN_DEPRECATED_OBJC_IMPLEMENTATIONS = YES;
				CLANG_WARN_DIRECT_OBJC_ISA_USAGE = YES_ERROR;
				CLANG_WARN_DOCUMENTATION_COMMENTS = YES;
				CLANG_WARN_EMPTY_BODY = YES;
				CLANG_WARN_ENUM_CONVERSION = YES;
				CLANG_WARN_INFINITE_RECURSION = YES;
				CLANG_WARN_INT_CONVERSION = YES;
				CLANG_WARN_NON_LITERAL_NULL_CONVERSION = YES;
				CLANG_WARN_OBJC_IMPLICIT_RETAIN_SELF = YES;
				CLANG_WARN_OBJC_LITERAL_CONVERSION = YES;
				CLANG_WARN_OBJC_ROOT_CLASS = YES_ERROR;
				CLANG_WARN_RANGE_LOOP_ANALYSIS = YES;
				CLANG_WARN_STRICT_PROTOTYPES = YES;
				CLANG_WARN_SUSPICIOUS_MOVE = YES;
				CLANG_WARN_UNGUARDED_AVAILABILITY = YES_AGGRESSIVE;
				CLANG_WARN_UNREACHABLE_CODE = YES;
				CLANG_WARN__DUPLICATE_METHOD_MATCH = YES;
				CODE_SIGN_IDENTITY = "iPhone Developer";
				COPY_PHASE_STRIP = NO;
				DEBUG_INFORMATION_FORMAT = "dwarf-with-dsym";
				ENABLE_NS_ASSERTIONS = NO;
				ENABLE_STRICT_OBJC_MSGSEND = YES;
				GCC_C_LANGUAGE_STANDARD = gnu11;
				GCC_NO_COMMON_BLOCKS = YES;
				GCC_WARN_64_TO_32_BIT_CONVERSION = YES;
				GCC_WARN_ABOUT_RETURN_TYPE = YES_ERROR;
				GCC_WARN_UNDECLARED_SELECTOR = YES;
				GCC_WARN_UNINITIALIZED_AUTOS = YES_AGGRESSIVE;
				GCC_WARN_UNUSED_FUNCTION = YES;
				GCC_WARN_UNUSED_VARIABLE = YES;
				IPHONEOS_DEPLOYMENT_TARGET = 12.0;
				MTL_ENABLE_DEBUG_INFO = NO;
				MTL_FAST_MATH = YES;
				SDKROOT = iphoneos;
				SWIFT_COMPILATION_MODE = wholemodule;
				SWIFT_OPTIMIZATION_LEVEL = "-O";
				VALIDATE_PRODUCT = YES;
			};
			name = Release;
		};
		386137A421A41AED000BD657 /* Debug */ = {
			isa = XCBuildConfiguration;
			buildSettings = {
				ASSETCATALOG_COMPILER_APPICON_NAME = AppIcon;
				CODE_SIGN_STYLE = Manual;
				DEVELOPMENT_TEAM = "";
				INFOPLIST_FILE = Quiet/Info.plist;
				IPHONEOS_DEPLOYMENT_TARGET = 11.0;
				LD_RUNPATH_SEARCH_PATHS = (
					"$(inherited)",
					"@executable_path/Frameworks",
				);
				PRODUCT_BUNDLE_IDENTIFIER = com.surflabapps.Quiet;
				PRODUCT_NAME = "$(TARGET_NAME)";
				PROVISIONING_PROFILE_SPECIFIER = "";
				SWIFT_VERSION = 4.2;
				TARGETED_DEVICE_FAMILY = 1;
			};
			name = Debug;
		};
		386137A521A41AED000BD657 /* Release */ = {
			isa = XCBuildConfiguration;
			buildSettings = {
				ASSETCATALOG_COMPILER_APPICON_NAME = AppIcon;
				CODE_SIGN_STYLE = Manual;
				DEVELOPMENT_TEAM = "";
				INFOPLIST_FILE = Quiet/Info.plist;
				IPHONEOS_DEPLOYMENT_TARGET = 11.0;
				LD_RUNPATH_SEARCH_PATHS = (
					"$(inherited)",
					"@executable_path/Frameworks",
				);
				PRODUCT_BUNDLE_IDENTIFIER = com.surflabapps.Quiet;
				PRODUCT_NAME = "$(TARGET_NAME)";
				PROVISIONING_PROFILE_SPECIFIER = "";
				SWIFT_VERSION = 4.2;
				TARGETED_DEVICE_FAMILY = 1;
			};
			name = Release;
		};
/* End XCBuildConfiguration section */

/* Begin XCConfigurationList section */
		3861378C21A41AEC000BD657 /* Build configuration list for PBXProject "Quiet" */ = {
			isa = XCConfigurationList;
			buildConfigurations = (
				386137A121A41AED000BD657 /* Debug */,
				386137A221A41AED000BD657 /* Release */,
			);
			defaultConfigurationIsVisible = 0;
			defaultConfigurationName = Release;
		};
		386137A321A41AED000BD657 /* Build configuration list for PBXNativeTarget "Quiet" */ = {
			isa = XCConfigurationList;
			buildConfigurations = (
				386137A421A41AED000BD657 /* Debug */,
				386137A521A41AED000BD657 /* Release */,
			);
			defaultConfigurationIsVisible = 0;
			defaultConfigurationName = Release;
		};
/* End XCConfigurationList section */
	};
	rootObject = 3861378921A41AEC000BD657 /* Project object */;
}
